
Microsoft Visual Studio Solution File, Format Version 12.00
# Visual Studio Version 17
VisualStudioVersion = 17.1.32421.90
MinimumVisualStudioVersion = 10.0.40219.1
Project("{FAE04EC0-301F-11D3-BF4B-00C04F79EFBC}") = "ActiveReportsPDFTest", "ActiveReportsPDFTest\ActiveReportsPDFTest.csproj", "{02D34C32-E0C9-472E-BCAF-0A6A30A69B5D}"
EndProject
Global
	GlobalSection(SolutionConfigurationPlatforms) = preSolution
		Debug|Any CPU = Debug|Any CPU
		Release|Any CPU = Release|Any CPU
	EndGlobalSection
	GlobalSection(ProjectConfigurationPlatforms) = postSolution
		{02D34C32-E0C9-472E-BCAF-0A6A30A69B5D}.Debug|Any CPU.ActiveCfg = Debug|Any CPU
		{02D34C32-E0C9-472E-BCAF-0A6A30A69B5D}.Debug|Any CPU.Build.0 = Debug|Any CPU
		{02D34C32-E0C9-472E-BCAF-0A6A30A69B5D}.Release|Any CPU.ActiveCfg = Release|Any CPU
		{02D34C32-E0C9-472E-BCAF-0A6A30A69B5D}.Release|Any CPU.Build.0 = Release|Any CPU
	EndGlobalSection
	GlobalSection(SolutionProperties) = preSolution
		HideSolutionNode = FALSE
	EndGlobalSection
	GlobalSection(ExtensibilityGlobals) = postSolution
		SolutionGuid = {966EC5CD-4AD3-41BE-8462-95DEADA0D338}
	EndGlobalSection
EndGlobal
